
Microsoft Visual Studio Solution File, Format Version 12.00
# Visual Studio Version 17
VisualStudioVersion = 17.3.32901.215
MinimumVisualStudioVersion = 10.0.40219.1
Project("{FAE04EC0-301F-11D3-BF4B-00C04F79EFBC}") = "newpro", "newpro.csproj", "{8A51A2C7-F5F2-4277-AD3E-826D18564815}"
EndProject
Global
	GlobalSection(SolutionConfigurationPlatforms) = preSolution
		Debug|Any CPU = Debug|Any CPU
		Release|Any CPU = Release|Any CPU
	EndGlobalSection
	GlobalSection(ProjectConfigurationPlatforms) = postSolution
		{8A51A2C7-F5F2-4277-AD3E-826D18564815}.Debug|Any CPU.ActiveCfg = Debug|Any CPU
		{8A51A2C7-F5F2-4277-AD3E-826D18564815}.Debug|Any CPU.Build.0 = Debug|Any CPU
		{8A51A2C7-F5F2-4277-AD3E-826D18564815}.Release|Any CPU.ActiveCfg = Release|Any CPU
		{8A51A2C7-F5F2-4277-AD3E-826D18564815}.Release|Any CPU.Build.0 = Release|Any CPU
	EndGlobalSection
	GlobalSection(SolutionProperties) = preSolution
		HideSolutionNode = FALSE
	EndGlobalSection
	GlobalSection(ExtensibilityGlobals) = postSolution
		SolutionGuid = {E26C106A-EA8F-48F2-B1F9-D4CA17351F9C}
	EndGlobalSection
EndGlobal
